
Microsoft Visual Studio Solution File, Format Version 12.00
# Visual Studio Version 17
VisualStudioVersion = 17.5.002.0
MinimumVisualStudioVersion = 10.0.40219.1
Project("{2150E333-8FDC-42A3-9474-1A3956D46DE8}") = "csharp-prep", "csharp-prep", "{3468693C-BD51-47C1-8145-0C1657F71806}"
EndProject
Project("{9A19103F-16F7-4668-BE54-9A1E7A4F7556}") = "Prep1", "csharp-prep\Prep1\Prep1.csproj", "{5762574C-51A0-48EE-BAC5-4F99A4B34C4A}"
EndProject
Project("{9A19103F-16F7-4668-BE54-9A1E7A4F7556}") = "Prep2", "csharp-prep\Prep2\Prep2.csproj", "{84F1B808-56A0-446B-9C9D-24159B763713}"
EndProject
Project("{9A19103F-16F7-4668-BE54-9A1E7A4F7556}") = "Prep3", "csharp-prep\Prep3\Prep3.csproj", "{2C8E769E-1D07-4EB4-8C68-881222FA9F22}"
EndProject
Project("{9A19103F-16F7-4668-BE54-9A1E7A4F7556}") = "Prep4", "csharp-prep\Prep4\Prep4.csproj", "{2277D8B9-D8E3-46B3-82A4-C66020A2977E}"
EndProject
Project("{9A19103F-16F7-4668-BE54-9A1E7A4F7556}") = "Prep5", "csharp-prep\Prep5\Prep5.csproj", "{1837E31D-6B98-4B33-A12E-D54DD9B0C82F}"
EndProject
Project("{2150E333-8FDC-42A3-9474-1A3956D46DE8}") = "final", "final", "{0277BAAD-FA48-4547-8043-B39549C3F6B1}"
EndProject
Project("{9A19103F-16F7-4668-BE54-9A1E7A4F7556}") = "FinalProject", "final\FinalProject\FinalProject.csproj", "{1A7CFB9E-7884-4833-BA2B-2ADCD13750CC}"
EndProject
Project("{9A19103F-16F7-4668-BE54-9A1E7A4F7556}") = "Foundation1", "final\Foundation1\Foundation1.csproj", "{9B78431D-B3A3-4BAB-AA7C-CCE9E44FD5D6}"
EndProject
Project("{9A19103F-16F7-4668-BE54-9A1E7A4F7556}") = "Foundation2", "final\Foundation2\Foundation2.csproj", "{5D1BBAE9-24EF-42DA-B9E7-7FACB7D61117}"
EndProject
Project("{9A19103F-16F7-4668-BE54-9A1E7A4F7556}") = "Foundation3", "final\Foundation3\Foundation3.csproj", "{F26FE085-6564-4C4E-A3C3-C834D23AFB1B}"
EndProject
Project("{9A19103F-16F7-4668-BE54-9A1E7A4F7556}") = "Foundation4", "final\Foundation4\Foundation4.csproj", "{00BF0784-5A2C-48EF-BDC9-BE6908BD44AB}"
EndProject
Project("{2150E333-8FDC-42A3-9474-1A3956D46DE8}") = "prepare", "prepare", "{A545E60E-3099-4C31-874F-F22BEC0F9781}"
EndProject
Project("{9A19103F-16F7-4668-BE54-9A1E7A4F7556}") = "Learning02", "prepare\Learning02\Learning02.csproj", "{577A534D-33D8-4E0D-9247-5CB2B6E4866E}"
EndProject
Project("{9A19103F-16F7-4668-BE54-9A1E7A4F7556}") = "Learning03", "prepare\Learning03\Learning03.csproj", "{DB8F19F1-14B6-4929-9B64-842F32D71B84}"
EndProject
Project("{9A19103F-16F7-4668-BE54-9A1E7A4F7556}") = "Learning04", "prepare\Learning04\Learning04.csproj", "{D813D7BE-4E1E-46FF-8867-F0E18F1A3634}"
EndProject
Project("{9A19103F-16F7-4668-BE54-9A1E7A4F7556}") = "Learning05", "prepare\Learning05\Learning05.csproj", "{33C1FB47-247F-4100-BBF7-7A1B9EA3F09A}"
EndProject
Project("{2150E333-8FDC-42A3-9474-1A3956D46DE8}") = "prove", "prove", "{6D72053E-1A35-4F6F-B332-DE4F256E021B}"
EndProject
Project("{9A19103F-16F7-4668-BE54-9A1E7A4F7556}") = "Develop02", "prove\Develop02\Develop02.csproj", "{0AC407E3-4B70-4EDD-9963-015D9BC54DFA}"
EndProject
Project("{9A19103F-16F7-4668-BE54-9A1E7A4F7556}") = "Develop03", "prove\Develop03\Develop03.csproj", "{B2694C16-D764-4E4D-A606-5100F76CF205}"
EndProject
Project("{9A19103F-16F7-4668-BE54-9A1E7A4F7556}") = "Develop04", "prove\Develop04\Develop04.csproj", "{B1C79EAE-DD9F-413B-BF16-4BC7C4D03DD9}"
EndProject
Project("{9A19103F-16F7-4668-BE54-9A1E7A4F7556}") = "Develop05", "prove\Develop05\Develop05.csproj", "{4451824B-B3B9-4DDE-9666-675AB01AA44A}"
EndProject
Project("{2150E333-8FDC-42A3-9474-1A3956D46DE8}") = "sandbox", "sandbox", "{2E7AD859-E99E-4B0D-9A20-20D7075C614A}"
EndProject
Project("{9A19103F-16F7-4668-BE54-9A1E7A4F7556}") = "Sandbox", "sandbox\Sandbox\Sandbox.csproj", "{3F113906-FAB5-40E2-A4D0-5FFF586491DD}"
EndProject
Global
	GlobalSection(SolutionConfigurationPlatforms) = preSolution
		Debug|Any CPU = Debug|Any CPU
		Release|Any CPU = Release|Any CPU
	EndGlobalSection
	GlobalSection(ProjectConfigurationPlatforms) = postSolution
		{5762574C-51A0-48EE-BAC5-4F99A4B34C4A}.Debug|Any CPU.ActiveCfg = Debug|Any CPU
		{5762574C-51A0-48EE-BAC5-4F99A4B34C4A}.Debug|Any CPU.Build.0 = Debug|Any CPU
		{5762574C-51A0-48EE-BAC5-4F99A4B34C4A}.Release|Any CPU.ActiveCfg = Release|Any CPU
		{5762574C-51A0-48EE-BAC5-4F99A4B34C4A}.Release|Any CPU.Build.0 = Release|Any CPU
		{84F1B808-56A0-446B-9C9D-24159B763713}.Debug|Any CPU.ActiveCfg = Debug|Any CPU
		{84F1B808-56A0-446B-9C9D-24159B763713}.Debug|Any CPU.Build.0 = Debug|Any CPU
		{84F1B808-56A0-446B-9C9D-24159B763713}.Release|Any CPU.ActiveCfg = Release|Any CPU
		{84F1B808-56A0-446B-9C9D-24159B763713}.Release|Any CPU.Build.0 = Release|Any CPU
		{2C8E769E-1D07-4EB4-8C68-881222FA9F22}.Debug|Any CPU.ActiveCfg = Debug|Any CPU
		{2C8E769E-1D07-4EB4-8C68-881222FA9F22}.Debug|Any CPU.Build.0 = Debug|Any CPU
		{2C8E769E-1D07-4EB4-8C68-881222FA9F22}.Release|Any CPU.ActiveCfg = Release|Any CPU
		{2C8E769E-1D07-4EB4-8C68-881222FA9F22}.Release|Any CPU.Build.0 = Release|Any CPU
		{2277D8B9-D8E3-46B3-82A4-C66020A2977E}.Debug|Any CPU.ActiveCfg = Debug|Any CPU
		{2277D8B9-D8E3-46B3-82A4-C66020A2977E}.Debug|Any CPU.Build.0 = Debug|Any CPU
		{2277D8B9-D8E3-46B3-82A4-C66020A2977E}.Release|Any CPU.ActiveCfg = Release|Any CPU
		{2277D8B9-D8E3-46B3-82A4-C66020A2977E}.Release|Any CPU.Build.0 = Release|Any CPU
		{1837E31D-6B98-4B33-A12E-D54DD9B0C82F}.Debug|Any CPU.ActiveCfg = Debug|Any CPU
		{1837E31D-6B98-4B33-A12E-D54DD9B0C82F}.Debug|Any CPU.Build.0 = Debug|Any CPU
		{1837E31D-6B98-4B33-A12E-D54DD9B0C82F}.Release|Any CPU.ActiveCfg = Release|Any CPU
		{1837E31D-6B98-4B33-A12E-D54DD9B0C82F}.Release|Any CPU.Build.0 = Release|Any CPU
		{1A7CFB9E-7884-4833-BA2B-2ADCD13750CC}.Debug|Any CPU.ActiveCfg = Debug|Any CPU
		{1A7CFB9E-7884-4833-BA2B-2ADCD13750CC}.Debug|Any CPU.Build.0 = Debug|Any CPU
		{1A7CFB9E-7884-4833-BA2B-2ADCD13750CC}.Release|Any CPU.ActiveCfg = Release|Any CPU
		{1A7CFB9E-7884-4833-BA2B-2ADCD13750CC}.Release|Any CPU.Build.0 = Release|Any CPU
		{9B78431D-B3A3-4BAB-AA7C-CCE9E44FD5D6}.Debug|Any CPU.ActiveCfg = Debug|Any CPU
		{9B78431D-B3A3-4BAB-AA7C-CCE9E44FD5D6}.Debug|Any CPU.Build.0 = Debug|Any CPU
		{9B78431D-B3A3-4BAB-AA7C-CCE9E44FD5D6}.Release|Any CPU.ActiveCfg = Release|Any CPU
		{9B78431D-B3A3-4BAB-AA7C-CCE9E44FD5D6}.Release|Any CPU.Build.0 = Release|Any CPU
		{5D1BBAE9-24EF-42DA-B9E7-7FACB7D61117}.Debug|Any CPU.ActiveCfg = Debug|Any CPU
		{5D1BBAE9-24EF-42DA-B9E7-7FACB7D61117}.Debug|Any CPU.Build.0 = Debug|Any CPU
		{5D1BBAE9-24EF-42DA-B9E7-7FACB7D61117}.Release|Any CPU.ActiveCfg = Release|Any CPU
		{5D1BBAE9-24EF-42DA-B9E7-7FACB7D61117}.Release|Any CPU.Build.0 = Release|Any CPU
		{F26FE085-6564-4C4E-A3C3-C834D23AFB1B}.Debug|Any CPU.ActiveCfg = Debug|Any CPU
		{F26FE085-6564-4C4E-A3C3-C834D23AFB1B}.Debug|Any CPU.Build.0 = Debug|Any CPU
		{F26FE085-6564-4C4E-A3C3-C834D23AFB1B}.Release|Any CPU.ActiveCfg = Release|Any CPU
		{F26FE085-6564-4C4E-A3C3-C834D23AFB1B}.Release|Any CPU.Build.0 = Release|Any CPU
		{00BF0784-5A2C-48EF-BDC9-BE6908BD44AB}.Debug|Any CPU.ActiveCfg = Debug|Any CPU
		{00BF0784-5A2C-48EF-BDC9-BE6908BD44AB}.Debug|Any CPU.Build.0 = Debug|Any CPU
		{00BF0784-5A2C-48EF-BDC9-BE6908BD44AB}.Release|Any CPU.ActiveCfg = Release|Any CPU
		{00BF0784-5A2C-48EF-BDC9-BE6908BD44AB}.Release|Any CPU.Build.0 = Release|Any CPU
		{577A534D-33D8-4E0D-9247-5CB2B6E4866E}.Debug|Any CPU.ActiveCfg = Debug|Any CPU
		{577A534D-33D8-4E0D-9247-5CB2B6E4866E}.Debug|Any CPU.Build.0 = Debug|Any CPU
		{577A534D-33D8-4E0D-9247-5CB2B6E4866E}.Release|Any CPU.ActiveCfg = Release|Any CPU
		{577A534D-33D8-4E0D-9247-5CB2B6E4866E}.Release|Any CPU.Build.0 = Release|Any CPU
		{DB8F19F1-14B6-4929-9B64-842F32D71B84}.Debug|Any CPU.ActiveCfg = Debug|Any CPU
		{DB8F19F1-14B6-4929-9B64-842F32D71B84}.Debug|Any CPU.Build.0 = Debug|Any CPU
		{DB8F19F1-14B6-4929-9B64-842F32D71B84}.Release|Any CPU.ActiveCfg = Release|Any CPU
		{DB8F19F1-14B6-4929-9B64-842F32D71B84}.Release|Any CPU.Build.0 = Release|Any CPU
		{D813D7BE-4E1E-46FF-8867-F0E18F1A3634}.Debug|Any CPU.ActiveCfg = Debug|Any CPU
		{D813D7BE-4E1E-46FF-8867-F0E18F1A3634}.Debug|Any CPU.Build.0 = Debug|Any CPU
		{D813D7BE-4E1E-46FF-8867-F0E18F1A3634}.Release|Any CPU.ActiveCfg = Release|Any CPU
		{D813D7BE-4E1E-46FF-8867-F0E18F1A3634}.Release|Any CPU.Build.0 = Release|Any CPU
		{33C1FB47-247F-4100-BBF7-7A1B9EA3F09A}.Debug|Any CPU.ActiveCfg = Debug|Any CPU
		{33C1FB47-247F-4100-BBF7-7A1B9EA3F09A}.Debug|Any CPU.Build.0 = Debug|Any CPU
		{33C1FB47-247F-4100-BBF7-7A1B9EA3F09A}.Release|Any CPU.ActiveCfg = Release|Any CPU
		{33C1FB47-247F-4100-BBF7-7A1B9EA3F09A}.Release|Any CPU.Build.0 = Release|Any CPU
		{0AC407E3-4B70-4EDD-9963-015D9BC54DFA}.Debug|Any CPU.ActiveCfg = Debug|Any CPU
		{0AC407E3-4B70-4EDD-9963-015D9BC54DFA}.Debug|Any CPU.Build.0 = Debug|Any CPU
		{0AC407E3-4B70-4EDD-9963-015D9BC54DFA}.Release|Any CPU.ActiveCfg = Release|Any CPU
		{0AC407E3-4B70-4EDD-9963-015D9BC54DFA}.Release|Any CPU.Build.0 = Release|Any CPU
		{B2694C16-D764-4E4D-A606-5100F76CF205}.Debug|Any CPU.ActiveCfg = Debug|Any CPU
		{B2694C16-D764-4E4D-A606-5100F76CF205}.Debug|Any CPU.Build.0 = Debug|Any CPU
		{B2694C16-D764-4E4D-A606-5100F76CF205}.Release|Any CPU.ActiveCfg = Release|Any CPU
		{B2694C16-D764-4E4D-A606-5100F76CF205}.Release|Any CPU.Build.0 = Release|Any CPU
		{B1C79EAE-DD9F-413B-BF16-4BC7C4D03DD9}.Debug|Any CPU.ActiveCfg = Debug|Any CPU
		{B1C79EAE-DD9F-413B-BF16-4BC7C4D03DD9}.Debug|Any CPU.Build.0 = Debug|Any CPU
		{B1C79EAE-DD9F-413B-BF16-4BC7C4D03DD9}.Release|Any CPU.ActiveCfg = Release|Any CPU
		{B1C79EAE-DD9F-413B-BF16-4BC7C4D03DD9}.Release|Any CPU.Build.0 = Release|Any CPU
		{4451824B-B3B9-4DDE-9666-675AB01AA44A}.Debug|Any CPU.ActiveCfg = Debug|Any CPU
		{4451824B-B3B9-4DDE-9666-675AB01AA44A}.Debug|Any CPU.Build.0 = Debug|Any CPU
		{4451824B-B3B9-4DDE-9666-675AB01AA44A}.Release|Any CPU.ActiveCfg = Release|Any CPU
		{4451824B-B3B9-4DDE-9666-675AB01AA44A}.Release|Any CPU.Build.0 = Release|Any CPU
		{3F113906-FAB5-40E2-A4D0-5FFF586491DD}.Debug|Any CPU.ActiveCfg = Debug|Any CPU
		{3F113906-FAB5-40E2-A4D0-5FFF586491DD}.Debug|Any CPU.Build.0 = Debug|Any CPU
		{3F113906-FAB5-40E2-A4D0-5FFF586491DD}.Release|Any CPU.ActiveCfg = Release|Any CPU
		{3F113906-FAB5-40E2-A4D0-5FFF586491DD}.Release|Any CPU.Build.0 = Release|Any CPU
	EndGlobalSection
	GlobalSection(SolutionProperties) = preSolution
		HideSolutionNode = FALSE
	EndGlobalSection
	GlobalSection(NestedProjects) = preSolution
		{5762574C-51A0-48EE-BAC5-4F99A4B34C4A} = {3468693C-BD51-47C1-8145-0C1657F71806}
		{84F1B808-56A0-446B-9C9D-24159B763713} = {3468693C-BD51-47C1-8145-0C1657F71806}
		{2C8E769E-1D07-4EB4-8C68-881222FA9F22} = {3468693C-BD51-47C1-8145-0C1657F71806}
		{2277D8B9-D8E3-46B3-82A4-C66020A2977E} = {3468693C-BD51-47C1-8145-0C1657F71806}
		{1837E31D-6B98-4B33-A12E-D54DD9B0C82F} = {3468693C-BD51-47C1-8145-0C1657F71806}
		{1A7CFB9E-7884-4833-BA2B-2ADCD13750CC} = {0277BAAD-FA48-4547-8043-B39549C3F6B1}
		{9B78431D-B3A3-4BAB-AA7C-CCE9E44FD5D6} = {0277BAAD-FA48-4547-8043-B39549C3F6B1}
		{5D1BBAE9-24EF-42DA-B9E7-7FACB7D61117} = {0277BAAD-FA48-4547-8043-B39549C3F6B1}
		{F26FE085-6564-4C4E-A3C3-C834D23AFB1B} = {0277BAAD-FA48-4547-8043-B39549C3F6B1}
		{00BF0784-5A2C-48EF-BDC9-BE6908BD44AB} = {0277BAAD-FA48-4547-8043-B39549C3F6B1}
		{577A534D-33D8-4E0D-9247-5CB2B6E4866E} = {A545E60E-3099-4C31-874F-F22BEC0F9781}
		{DB8F19F1-14B6-4929-9B64-842F32D71B84} = {A545E60E-3099-4C31-874F-F22BEC0F9781}
		{D813D7BE-4E1E-46FF-8867-F0E18F1A3634} = {A545E60E-3099-4C31-874F-F22BEC0F9781}
		{33C1FB47-247F-4100-BBF7-7A1B9EA3F09A} = {A545E60E-3099-4C31-874F-F22BEC0F9781}
		{0AC407E3-4B70-4EDD-9963-015D9BC54DFA} = {6D72053E-1A35-4F6F-B332-DE4F256E021B}
		{B2694C16-D764-4E4D-A606-5100F76CF205} = {6D72053E-1A35-4F6F-B332-DE4F256E021B}
		{B1C79EAE-DD9F-413B-BF16-4BC7C4D03DD9} = {6D72053E-1A35-4F6F-B332-DE4F256E021B}
		{4451824B-B3B9-4DDE-9666-675AB01AA44A} = {6D72053E-1A35-4F6F-B332-DE4F256E021B}
		{3F113906-FAB5-40E2-A4D0-5FFF586491DD} = {2E7AD859-E99E-4B0D-9A20-20D7075C614A}
	EndGlobalSection
	GlobalSection(ExtensibilityGlobals) = postSolution
		SolutionGuid = {8CDF607C-DB56-46E8-BF17-DCA0D3873AC5}
	EndGlobalSection
EndGlobal
